{
    "_readme": [
        "This file locks the dependencies of your project to a known state",
        "Read more about it at https://getcomposer.org/doc/01-basic-usage.md#composer-lock-the-lock-file",
        "This file is @generated automatically"
    ],
    "hash": "bfc08e0fe288bde50625e27215932edb",
    "content-hash": "7bf364e7dbaade3cbed76b29f525781a",
    "packages": [
        {
            "name": "hexmodr/chronicle",
            "version": "dev-master",
            "source": {
                "type": "git",
                "url": "https://github.com/make-it-all/chronicle.git",
                "reference": "f514c553e6f6186cda06bf9f86597623f49fb4c4"
            },
            "dist": {
                "type": "zip",
                "url": "https://api.github.com/repos/make-it-all/chronicle/zipball/f514c553e6f6186cda06bf9f86597623f49fb4c4",
                "reference": "f514c553e6f6186cda06bf9f86597623f49fb4c4",
                "shasum": ""
            },
            "type": "library",
            "autoload": {
                "psr-4": {
                    "Chronicle\\": "src",
                    "Chronicle\\Connection\\": "src/connection",
                    "Chronicle\\Validators\\": "src/validators",
                    "Chronicle\\Query\\": "src/query",
                    "Chronicle\\Query\\Parts\\": "src/query/parts"
                }
            },
            "authors": [
                {
                    "name": "Henry Morgan",
                    "email": "henry@cd2solutions.co.uk"
                }
            ],
            "description": "Chronicle is a database abstraction system similar to ActiveRecord",
            "support": {
                "source": "https://github.com/make-it-all/chronicle/tree/master",
                "issues": "https://github.com/make-it-all/chronicle/issues"
            },
            "time": "2017-02-19 00:01:45"
        },
        {
            "name": "hexmodr/rack",
            "version": "dev-master",
            "source": {
                "type": "git",
                "url": "https://github.com/make-it-all/rack.git",
                "reference": "9ae7700ef3a81946f0a13569929b4544751e656b"
            },
            "dist": {
                "type": "zip",
                "url": "https://api.github.com/repos/make-it-all/rack/zipball/9ae7700ef3a81946f0a13569929b4544751e656b",
                "reference": "9ae7700ef3a81946f0a13569929b4544751e656b",
                "shasum": ""
            },
            "type": "library",
            "autoload": {
                "files": [
                    "src/Rack.php"
                ],
                "psr-4": {
                    "Rack\\": "src"
                }
            },
            "authors": [
                {
                    "name": "Henry Morgan",
                    "email": "henry@cd2solutions.co.uk"
                }
            ],
            "description": "Rack Server interface for php applications",
            "support": {
                "source": "https://github.com/make-it-all/rack/tree/master",
                "issues": "https://github.com/make-it-all/rack/issues"
            },
            "time": "2017-02-13 21:44:30"
        },
        {
            "name": "make_it_all/system",
            "version": "dev-master",
            "source": {
                "type": "git",
                "url": "https://github.com/make-it-all/system.git",
                "reference": "48dea4afb7c50ca0aa11b35be781039360acdc39"
            },
            "dist": {
                "type": "zip",
                "url": "https://api.github.com/repos/make-it-all/system/zipball/48dea4afb7c50ca0aa11b35be781039360acdc39",
                "reference": "48dea4afb7c50ca0aa11b35be781039360acdc39",
                "shasum": ""
            },
            "require": {
                "hexmodr/chronicle": "dev-master",
                "hexmodr/rack": "dev-master"
            },
            "type": "project",
            "autoload": {
                "files": [
                    "src/Application.php",
                    "src/ControllerBase.php"
                ],
                "psr-4": {
                    "Middleware\\": "src/Middleware",
                    "Application\\": "src/Application",
                    "Error\\": "src/Errors"
                }
            },
            "authors": [
                {
                    "name": "Henry Morgan",
                    "email": "henry@cd2solutions.co.uk"
                }
            ],
            "support": {
                "source": "https://github.com/make-it-all/system/tree/master",
                "issues": "https://github.com/make-it-all/system/issues"
            },
            "time": "2017-02-16 16:06:04"
        }
    ],
    "packages-dev": [],
    "aliases": [],
    "minimum-stability": "stable",
    "stability-flags": {
        "hexmodr/chronicle": 20,
        "hexmodr/rack": 20,
        "make_it_all/system": 20
    },
    "prefer-stable": false,
    "prefer-lowest": false,
    "platform": [],
    "platform-dev": []
}
