{
    "_readme": [
        "This file locks the dependencies of your project to a known state",
        "Read more about it at https://getcomposer.org/doc/01-basic-usage.md#composer-lock-the-lock-file",
        "This file is @generated automatically"
    ],
    "hash": "bfc08e0fe288bde50625e27215932edb",
    "content-hash": "7bf364e7dbaade3cbed76b29f525781a",
    "packages": [
        {
            "name": "hexmodr/chronicle",
            "version": "dev-master",
            "source": {
                "type": "git",
                "url": "https://github.com/make-it-all/chronicle.git",
                "reference": "79072f5f558df4c2f11ce5e57f3faba716c1b0d5"
            },
            "dist": {
                "type": "zip",
                "url": "https://api.github.com/repos/make-it-all/chronicle/zipball/79072f5f558df4c2f11ce5e57f3faba716c1b0d5",
                "reference": "79072f5f558df4c2f11ce5e57f3faba716c1b0d5",
                "shasum": ""
            },
            "type": "library",
            "autoload": {
                "files": [
                    "src/base.php"
                ],
                "psr-4": {
                    "Chronicle\\Connection\\": "src/connection"
                }
            },
            "authors": [
                {
                    "name": "Henry Morgan",
                    "email": "henry@cd2solutions.co.uk"
                }
            ],
            "description": "Chronicle is a database abstraction system similar to ActiveRecord",
            "support": {
                "source": "https://github.com/make-it-all/chronicle/tree/master",
                "issues": "https://github.com/make-it-all/chronicle/issues"
            },
            "time": "2017-02-13 20:14:03"
        },
        {
            "name": "hexmodr/rack",
            "version": "dev-master",
            "source": {
                "type": "git",
                "url": "https://github.com/make-it-all/rack.git",
                "reference": "9ae7700ef3a81946f0a13569929b4544751e656b"
            },
            "dist": {
                "type": "zip",
                "url": "https://api.github.com/repos/make-it-all/rack/zipball/9ae7700ef3a81946f0a13569929b4544751e656b",
                "reference": "9ae7700ef3a81946f0a13569929b4544751e656b",
                "shasum": ""
            },
            "type": "library",
            "autoload": {
                "files": [
                    "src/Rack.php"
                ],
                "psr-4": {
                    "Rack\\": "src"
                }
            },
            "authors": [
                {
                    "name": "Henry Morgan",
                    "email": "henry@cd2solutions.co.uk"
                }
            ],
            "description": "Rack Server interface for php applications",
            "support": {
                "source": "https://github.com/make-it-all/rack/tree/master",
                "issues": "https://github.com/make-it-all/rack/issues"
            },
            "time": "2017-02-13 21:44:30"
        },
        {
            "name": "make_it_all/system",
            "version": "dev-master",
            "source": {
                "type": "git",
                "url": "https://github.com/make-it-all/system.git",
                "reference": "2d72788e76e59ae94298d8c8adb2809702b55e1a"
            },
            "dist": {
                "type": "zip",
                "url": "https://api.github.com/repos/make-it-all/system/zipball/2d72788e76e59ae94298d8c8adb2809702b55e1a",
                "reference": "2d72788e76e59ae94298d8c8adb2809702b55e1a",
                "shasum": ""
            },
            "require": {
                "hexmodr/chronicle": "dev-master",
                "hexmodr/rack": "dev-master"
            },
            "type": "project",
            "autoload": {
                "files": [
                    "src/Application.php",
                    "src/ControllerBase.php",
                    "src/Router.php",
                    "src/Route.php"
                ],
                "psr-4": {
                    "Middleware\\": "src/Middleware",
                    "Application\\": "src/Application"
                }
            },
            "authors": [
                {
                    "name": "Henry Morgan",
                    "email": "henry@cd2solutions.co.uk"
                }
            ],
            "support": {
                "source": "https://github.com/make-it-all/system/tree/master",
                "issues": "https://github.com/make-it-all/system/issues"
            },
            "time": "2017-02-13 21:24:08"
        }
    ],
    "packages-dev": [],
    "aliases": [],
    "minimum-stability": "stable",
    "stability-flags": {
        "hexmodr/chronicle": 20,
        "hexmodr/rack": 20,
        "make_it_all/system": 20
    },
    "prefer-stable": false,
    "prefer-lowest": false,
    "platform": [],
    "platform-dev": []
}
